filippo.io/edwards25519 v1.0.0-rc.1 h1:m0VOOB23frXZvAOK44usCgLWvtsxIoMCTBGJZlpmGfU=
filippo.io/edwards25519 v1.0.0-rc.1/go.mod h1:N1IkdkCkiLB6tki+MYJoSx2JTY9NUlxZE7eHn5EwJns=
github.com/blocto/solana-go-sdk v1.26.0 h1:NpLKmP89TPbX35U07kFgfcTibLFcb69NK0wYgEwLfTM=
github.com/blocto/solana-go-sdk v1.26.0/go.mod h1:Xoyhhb3hrGpEQ5rJps5a3OgMwDpmEhrd9bgzFKkkwMs=
github.com/mr-tron/base58 v1.2.0 h1:T/HDJBh4ZCPbU39/+c3rRvE0uKBQlU27+QI8LJ4t64o=
github.com/mr-tron/base58 v1.2.0/go.mod h1:BinMc/sQntlIE1frQmRFPUoPA1Zkr8VRgBdjWI2mNwc=
